
Microsoft Visual Studio Solution File, Format Version 12.00
# Visual Studio Version 17
VisualStudioVersion = 17.1.32228.430
MinimumVisualStudioVersion = 10.0.40219.1
Project("{9A19103F-16F7-4668-BE54-9A1E7A4F7556}") = "BlazorApp", "BlazorApp.csproj", "{521B718D-4E97-471D-A3C5-68F5680D0C0A}"
EndProject
Global
	GlobalSection(SolutionConfigurationPlatforms) = preSolution
		Debug|Any CPU = Debug|Any CPU
		Release|Any CPU = Release|Any CPU
	EndGlobalSection
	GlobalSection(ProjectConfigurationPlatforms) = postSolution
		{521B718D-4E97-471D-A3C5-68F5680D0C0A}.Debug|Any CPU.ActiveCfg = Debug|Any CPU
		{521B718D-4E97-471D-A3C5-68F5680D0C0A}.Debug|Any CPU.Build.0 = Debug|Any CPU
		{521B718D-4E97-471D-A3C5-68F5680D0C0A}.Release|Any CPU.ActiveCfg = Release|Any CPU
		{521B718D-4E97-471D-A3C5-68F5680D0C0A}.Release|Any CPU.Build.0 = Release|Any CPU
	EndGlobalSection
	GlobalSection(SolutionProperties) = preSolution
		HideSolutionNode = FALSE
	EndGlobalSection
	GlobalSection(ExtensibilityGlobals) = postSolution
		SolutionGuid = {996AF5E1-0911-4913-A7C3-DCCB4BF290A9}
	EndGlobalSection
EndGlobal
