{
  "name": "js",
  "lockfileVersion": 2,
  "requires": true,
  "packages": {
    "": {
      "dependencies": {
        "canvas-gauges": "^2.1.7"
      }
    },
    "node_modules/canvas-gauges": {
      "version": "2.1.7",
      "resolved": "http://nexus.prod.uci.cu/repository/npm-proxy/canvas-gauges/-/canvas-gauges-2.1.7.tgz",
      "integrity": "sha512-z9cXBVTZdaUIOh32g21NU8gwxEeaxpEMvkZr9t8Y0QDbZiCDq05SJ17aIt+DM12oTJAlWGluN21D+bQ0NCv5GA==",
      "license": "MIT"
    }
  },
  "dependencies": {
    "canvas-gauges": {
      "version": "2.1.7",
      "resolved": "http://nexus.prod.uci.cu/repository/npm-proxy/canvas-gauges/-/canvas-gauges-2.1.7.tgz",
      "integrity": "sha512-z9cXBVTZdaUIOh32g21NU8gwxEeaxpEMvkZr9t8Y0QDbZiCDq05SJ17aIt+DM12oTJAlWGluN21D+bQ0NCv5GA=="
    }
  }
}
